// !$*UTF8*$!
{
	archiveVersion = 1;
	classes = {
	};
	objectVersion = 50;
	objects = {

/* Begin PBXBuildFile section */
		763183C126C7107F009003B5 /* Menu2.swift in Sources */ = {isa = PBXBuildFile; fileRef = 763183C026C7107F009003B5 /* Menu2.swift */; };
		763183CD26C7369C009003B5 /* ViewState.swift in Sources */ = {isa = PBXBuildFile; fileRef = 763183CC26C7369C009003B5 /* ViewState.swift */; };
		763183D026C73A19009003B5 /* HowToPlay.swift in Sources */ = {isa = PBXBuildFile; fileRef = 763183CF26C73A19009003B5 /* HowToPlay.swift */; };
		763183D226C76181009003B5 /* NameInput.swift in Sources */ = {isa = PBXBuildFile; fileRef = 763183D126C76181009003B5 /* NameInput.swift */; };
		763183D426C765FE009003B5 /* Player.swift in Sources */ = {isa = PBXBuildFile; fileRef = 763183D326C765FE009003B5 /* Player.swift */; };
		7639BDFC26C439D10043BA10 /* SpyfallOffline_IOSApp.swift in Sources */ = {isa = PBXBuildFile; fileRef = 7639BDFB26C439D10043BA10 /* SpyfallOffline_IOSApp.swift */; };
		7639BDFE26C439D10043BA10 /* ContentView.swift in Sources */ = {isa = PBXBuildFile; fileRef = 7639BDFD26C439D10043BA10 /* ContentView.swift */; };
		7639BE0026C439D30043BA10 /* Assets.xcassets in Resources */ = {isa = PBXBuildFile; fileRef = 7639BDFF26C439D30043BA10 /* Assets.xcassets */; };
		7639BE0326C439D30043BA10 /* Preview Assets.xcassets in Resources */ = {isa = PBXBuildFile; fileRef = 7639BE0226C439D30043BA10 /* Preview Assets.xcassets */; };
		7639BE0E26C439D30043BA10 /* SpyfallOffline_IOSTests.swift in Sources */ = {isa = PBXBuildFile; fileRef = 7639BE0D26C439D30043BA10 /* SpyfallOffline_IOSTests.swift */; };
		7639BE1926C439D30043BA10 /* SpyfallOffline_IOSUITests.swift in Sources */ = {isa = PBXBuildFile; fileRef = 7639BE1826C439D30043BA10 /* SpyfallOffline_IOSUITests.swift */; };
		7639BE2926C43C810043BA10 /* MainMenu.swift in Sources */ = {isa = PBXBuildFile; fileRef = 7639BE2826C43C810043BA10 /* MainMenu.swift */; };
		76478FE526CB039100938E0A /* ViewButton.swift in Sources */ = {isa = PBXBuildFile; fileRef = 76478FE426CB039100938E0A /* ViewButton.swift */; };
		76478FE726CB30A100938E0A /* YoutubeEmbed.swift in Sources */ = {isa = PBXBuildFile; fileRef = 76478FE626CB30A100938E0A /* YoutubeEmbed.swift */; };
		766DE5F826C777F50008398B /* GameData.swift in Sources */ = {isa = PBXBuildFile; fileRef = 766DE5F726C777F50008398B /* GameData.swift */; };
		767FC6E326C9D901004863D3 /* Raleway-Italic-VariableFont_wght.ttf in Resources */ = {isa = PBXBuildFile; fileRef = 767FC6E126C9D901004863D3 /* Raleway-Italic-VariableFont_wght.ttf */; };
		767FC6E426C9D901004863D3 /* Raleway-VariableFont_wght.ttf in Resources */ = {isa = PBXBuildFile; fileRef = 767FC6E226C9D901004863D3 /* Raleway-VariableFont_wght.ttf */; };
		76AC4E9926C871C0001274C4 /* intermediate.swift in Sources */ = {isa = PBXBuildFile; fileRef = 76AC4E9826C871C0001274C4 /* intermediate.swift */; };
		76AC4E9B26C874BF001274C4 /* GameState.swift in Sources */ = {isa = PBXBuildFile; fileRef = 76AC4E9A26C874BF001274C4 /* GameState.swift */; };
		76AC4EA226C8860A001274C4 /* spyfall2.json in Resources */ = {isa = PBXBuildFile; fileRef = 76AC4EA026C8860A001274C4 /* spyfall2.json */; };
		76AC4EA326C8860A001274C4 /* spyfall1.json in Resources */ = {isa = PBXBuildFile; fileRef = 76AC4EA126C8860A001274C4 /* spyfall1.json */; };
		76AC4EA626C88AAB001274C4 /* Location.swift in Sources */ = {isa = PBXBuildFile; fileRef = 76AC4EA526C88AAB001274C4 /* Location.swift */; };
		76AC4EA826C88B72001274C4 /* Locations.swift in Sources */ = {isa = PBXBuildFile; fileRef = 76AC4EA726C88B72001274C4 /* Locations.swift */; };
/* End PBXBuildFile section */

/* Begin PBXContainerItemProxy section */
		7639BE0A26C439D30043BA10 /* PBXContainerItemProxy */ = {
			isa = PBXContainerItemProxy;
			containerPortal = 7639BDF026C439D10043BA10 /* Project object */;
			proxyType = 1;
			remoteGlobalIDString = 7639BDF726C439D10043BA10;
			remoteInfo = "SpyfallOffline-IOS";
		};
		7639BE1526C439D30043BA10 /* PBXContainerItemProxy */ = {
			isa = PBXContainerItemProxy;
			containerPortal = 7639BDF026C439D10043BA10 /* Project object */;
			proxyType = 1;
			remoteGlobalIDString = 7639BDF726C439D10043BA10;
			remoteInfo = "SpyfallOffline-IOS";
		};
/* End PBXContainerItemProxy section */

/* Begin PBXFileReference section */
		763183C026C7107F009003B5 /* Menu2.swift */ = {isa = PBXFileReference; lastKnownFileType = sourcecode.swift; path = Menu2.swift; sourceTree = "<group>"; };
		763183CC26C7369C009003B5 /* ViewState.swift */ = {isa = PBXFileReference; lastKnownFileType = sourcecode.swift; path = ViewState.swift; sourceTree = "<group>"; };
		763183CF26C73A19009003B5 /* HowToPlay.swift */ = {isa = PBXFileReference; lastKnownFileType = sourcecode.swift; path = HowToPlay.swift; sourceTree = "<group>"; };
		763183D126C76181009003B5 /* NameInput.swift */ = {isa = PBXFileReference; lastKnownFileType = sourcecode.swift; path = NameInput.swift; sourceTree = "<group>"; };
		763183D326C765FE009003B5 /* Player.swift */ = {isa = PBXFileReference; lastKnownFileType = sourcecode.swift; path = Player.swift; sourceTree = "<group>"; };
		7639BDF826C439D10043BA10 /* SpyfallOffline-IOS.app */ = {isa = PBXFileReference; explicitFileType = wrapper.application; includeInIndex = 0; path = "SpyfallOffline-IOS.app"; sourceTree = BUILT_PRODUCTS_DIR; };
		7639BDFB26C439D10043BA10 /* SpyfallOffline_IOSApp.swift */ = {isa = PBXFileReference; lastKnownFileType = sourcecode.swift; path = SpyfallOffline_IOSApp.swift; sourceTree = "<group>"; };
		7639BDFD26C439D10043BA10 /* ContentView.swift */ = {isa = PBXFileReference; lastKnownFileType = sourcecode.swift; path = ContentView.swift; sourceTree = "<group>"; };
		7639BDFF26C439D30043BA10 /* Assets.xcassets */ = {isa = PBXFileReference; lastKnownFileType = folder.assetcatalog; path = Assets.xcassets; sourceTree = "<group>"; };
		7639BE0226C439D30043BA10 /* Preview Assets.xcassets */ = {isa = PBXFileReference; lastKnownFileType = folder.assetcatalog; path = "Preview Assets.xcassets"; sourceTree = "<group>"; };
		7639BE0426C439D30043BA10 /* Info.plist */ = {isa = PBXFileReference; lastKnownFileType = text.plist.xml; path = Info.plist; sourceTree = "<group>"; };
		7639BE0926C439D30043BA10 /* SpyfallOffline-IOSTests.xctest */ = {isa = PBXFileReference; explicitFileType = wrapper.cfbundle; includeInIndex = 0; path = "SpyfallOffline-IOSTests.xctest"; sourceTree = BUILT_PRODUCTS_DIR; };
		7639BE0D26C439D30043BA10 /* SpyfallOffline_IOSTests.swift */ = {isa = PBXFileReference; lastKnownFileType = sourcecode.swift; path = SpyfallOffline_IOSTests.swift; sourceTree = "<group>"; };
		7639BE0F26C439D30043BA10 /* Info.plist */ = {isa = PBXFileReference; lastKnownFileType = text.plist.xml; path = Info.plist; sourceTree = "<group>"; };
		7639BE1426C439D30043BA10 /* SpyfallOffline-IOSUITests.xctest */ = {isa = PBXFileReference; explicitFileType = wrapper.cfbundle; includeInIndex = 0; path = "SpyfallOffline-IOSUITests.xctest"; sourceTree = BUILT_PRODUCTS_DIR; };
		7639BE1826C439D30043BA10 /* SpyfallOffline_IOSUITests.swift */ = {isa = PBXFileReference; lastKnownFileType = sourcecode.swift; path = SpyfallOffline_IOSUITests.swift; sourceTree = "<group>"; };
		7639BE1A26C439D30043BA10 /* Info.plist */ = {isa = PBXFileReference; lastKnownFileType = text.plist.xml; path = Info.plist; sourceTree = "<group>"; };
		7639BE2826C43C810043BA10 /* MainMenu.swift */ = {isa = PBXFileReference; lastKnownFileType = sourcecode.swift; path = MainMenu.swift; sourceTree = "<group>"; };
		76478FE426CB039100938E0A /* ViewButton.swift */ = {isa = PBXFileReference; lastKnownFileType = sourcecode.swift; path = ViewButton.swift; sourceTree = "<group>"; };
		76478FE626CB30A100938E0A /* YoutubeEmbed.swift */ = {isa = PBXFileReference; lastKnownFileType = sourcecode.swift; path = YoutubeEmbed.swift; sourceTree = "<group>"; };
		766DE5F726C777F50008398B /* GameData.swift */ = {isa = PBXFileReference; lastKnownFileType = sourcecode.swift; path = GameData.swift; sourceTree = "<group>"; };
		767FC6E126C9D901004863D3 /* Raleway-Italic-VariableFont_wght.ttf */ = {isa = PBXFileReference; lastKnownFileType = file; path = "Raleway-Italic-VariableFont_wght.ttf"; sourceTree = "<group>"; };
		767FC6E226C9D901004863D3 /* Raleway-VariableFont_wght.ttf */ = {isa = PBXFileReference; lastKnownFileType = file; path = "Raleway-VariableFont_wght.ttf"; sourceTree = "<group>"; };
		76AC4E9826C871C0001274C4 /* intermediate.swift */ = {isa = PBXFileReference; lastKnownFileType = sourcecode.swift; path = intermediate.swift; sourceTree = "<group>"; };
		76AC4E9A26C874BF001274C4 /* GameState.swift */ = {isa = PBXFileReference; lastKnownFileType = sourcecode.swift; path = GameState.swift; sourceTree = "<group>"; };
		76AC4EA026C8860A001274C4 /* spyfall2.json */ = {isa = PBXFileReference; fileEncoding = 4; lastKnownFileType = text.json; path = spyfall2.json; sourceTree = "<group>"; };
		76AC4EA126C8860A001274C4 /* spyfall1.json */ = {isa = PBXFileReference; fileEncoding = 4; lastKnownFileType = text.json; path = spyfall1.json; sourceTree = "<group>"; };
		76AC4EA526C88AAB001274C4 /* Location.swift */ = {isa = PBXFileReference; lastKnownFileType = sourcecode.swift; path = Location.swift; sourceTree = "<group>"; };
		76AC4EA726C88B72001274C4 /* Locations.swift */ = {isa = PBXFileReference; lastKnownFileType = sourcecode.swift; path = Locations.swift; sourceTree = "<group>"; };
/* End PBXFileReference section */

/* Begin PBXFrameworksBuildPhase section */
		7639BDF526C439D10043BA10 /* Frameworks */ = {
			isa = PBXFrameworksBuildPhase;
			buildActionMask = 2147483647;
			files = (
			);
			runOnlyForDeploymentPostprocessing = 0;
		};
		7639BE0626C439D30043BA10 /* Frameworks */ = {
			isa = PBXFrameworksBuildPhase;
			buildActionMask = 2147483647;
			files = (
			);
			runOnlyForDeploymentPostprocessing = 0;
		};
		7639BE1126C439D30043BA10 /* Frameworks */ = {
			isa = PBXFrameworksBuildPhase;
			buildActionMask = 2147483647;
			files = (
			);
			runOnlyForDeploymentPostprocessing = 0;
		};
/* End PBXFrameworksBuildPhase section */

/* Begin PBXGroup section */
		763183C626C71F1A009003B5 /* Helpers */ = {
			isa = PBXGroup;
			children = (
				763183CC26C7369C009003B5 /* ViewState.swift */,
				76AC4EA526C88AAB001274C4 /* Location.swift */,
				763183D326C765FE009003B5 /* Player.swift */,
				766DE5F726C777F50008398B /* GameData.swift */,
				76AC4EA726C88B72001274C4 /* Locations.swift */,
			);
			path = Helpers;
			sourceTree = "<group>";
		};
		7639BDEF26C439D10043BA10 = {
			isa = PBXGroup;
			children = (
				7639BDFA26C439D10043BA10 /* SpyfallOffline-IOS */,
				7639BE0C26C439D30043BA10 /* SpyfallOffline-IOSTests */,
				7639BE1726C439D30043BA10 /* SpyfallOffline-IOSUITests */,
				7639BDF926C439D10043BA10 /* Products */,
			);
			sourceTree = "<group>";
		};
		7639BDF926C439D10043BA10 /* Products */ = {
			isa = PBXGroup;
			children = (
				7639BDF826C439D10043BA10 /* SpyfallOffline-IOS.app */,
				7639BE0926C439D30043BA10 /* SpyfallOffline-IOSTests.xctest */,
				7639BE1426C439D30043BA10 /* SpyfallOffline-IOSUITests.xctest */,
			);
			name = Products;
			sourceTree = "<group>";
		};
		7639BDFA26C439D10043BA10 /* SpyfallOffline-IOS */ = {
			isa = PBXGroup;
			children = (
				76AC4EAB26C89B28001274C4 /* Assets */,
				76AC4EA926C89AF9001274C4 /* Views */,
				763183C626C71F1A009003B5 /* Helpers */,
				7639BDFB26C439D10043BA10 /* SpyfallOffline_IOSApp.swift */,
				7639BDFF26C439D30043BA10 /* Assets.xcassets */,
				7639BE0426C439D30043BA10 /* Info.plist */,
				7639BE0126C439D30043BA10 /* Preview Content */,
			);
			path = "SpyfallOffline-IOS";
			sourceTree = "<group>";
		};
		7639BE0126C439D30043BA10 /* Preview Content */ = {
			isa = PBXGroup;
			children = (
				7639BE0226C439D30043BA10 /* Preview Assets.xcassets */,
			);
			path = "Preview Content";
			sourceTree = "<group>";
		};
		7639BE0C26C439D30043BA10 /* SpyfallOffline-IOSTests */ = {
			isa = PBXGroup;
			children = (
				7639BE0D26C439D30043BA10 /* SpyfallOffline_IOSTests.swift */,
				7639BE0F26C439D30043BA10 /* Info.plist */,
			);
			path = "SpyfallOffline-IOSTests";
			sourceTree = "<group>";
		};
		7639BE1726C439D30043BA10 /* SpyfallOffline-IOSUITests */ = {
			isa = PBXGroup;
			children = (
				7639BE1826C439D30043BA10 /* SpyfallOffline_IOSUITests.swift */,
				7639BE1A26C439D30043BA10 /* Info.plist */,
			);
			path = "SpyfallOffline-IOSUITests";
			sourceTree = "<group>";
		};
		76AC4EA926C89AF9001274C4 /* Views */ = {
			isa = PBXGroup;
			children = (
				76AC4E9826C871C0001274C4 /* intermediate.swift */,
				763183C026C7107F009003B5 /* Menu2.swift */,
				7639BDFD26C439D10043BA10 /* ContentView.swift */,
				7639BE2826C43C810043BA10 /* MainMenu.swift */,
				763183CF26C73A19009003B5 /* HowToPlay.swift */,
				763183D126C76181009003B5 /* NameInput.swift */,
				76AC4E9A26C874BF001274C4 /* GameState.swift */,
				76478FE426CB039100938E0A /* ViewButton.swift */,
				76478FE626CB30A100938E0A /* YoutubeEmbed.swift */,
			);
			path = Views;
			sourceTree = "<group>";
		};
		76AC4EAB26C89B28001274C4 /* Assets */ = {
			isa = PBXGroup;
			children = (
				767FC6E126C9D901004863D3 /* Raleway-Italic-VariableFont_wght.ttf */,
				767FC6E226C9D901004863D3 /* Raleway-VariableFont_wght.ttf */,
				76AC4EA126C8860A001274C4 /* spyfall1.json */,
				76AC4EA026C8860A001274C4 /* spyfall2.json */,
			);
			path = Assets;
			sourceTree = "<group>";
		};
/* End PBXGroup section */

/* Begin PBXNativeTarget section */
		7639BDF726C439D10043BA10 /* SpyfallOffline-IOS */ = {
			isa = PBXNativeTarget;
			buildConfigurationList = 7639BE1D26C439D30043BA10 /* Build configuration list for PBXNativeTarget "SpyfallOffline-IOS" */;
			buildPhases = (
				7639BDF426C439D10043BA10 /* Sources */,
				7639BDF526C439D10043BA10 /* Frameworks */,
				7639BDF626C439D10043BA10 /* Resources */,
			);
			buildRules = (
			);
			dependencies = (
			);
			name = "SpyfallOffline-IOS";
			productName = "SpyfallOffline-IOS";
			productReference = 7639BDF826C439D10043BA10 /* SpyfallOffline-IOS.app */;
			productType = "com.apple.product-type.application";
		};
		7639BE0826C439D30043BA10 /* SpyfallOffline-IOSTests */ = {
			isa = PBXNativeTarget;
			buildConfigurationList = 7639BE2026C439D30043BA10 /* Build configuration list for PBXNativeTarget "SpyfallOffline-IOSTests" */;
			buildPhases = (
				7639BE0526C439D30043BA10 /* Sources */,
				7639BE0626C439D30043BA10 /* Frameworks */,
				7639BE0726C439D30043BA10 /* Resources */,
			);
			buildRules = (
			);
			dependencies = (
				7639BE0B26C439D30043BA10 /* PBXTargetDependency */,
			);
			name = "SpyfallOffline-IOSTests";
			productName = "SpyfallOffline-IOSTests";
			productReference = 7639BE0926C439D30043BA10 /* SpyfallOffline-IOSTests.xctest */;
			productType = "com.apple.product-type.bundle.unit-test";
		};
		7639BE1326C439D30043BA10 /* SpyfallOffline-IOSUITests */ = {
			isa = PBXNativeTarget;
			buildConfigurationList = 7639BE2326C439D30043BA10 /* Build configuration list for PBXNativeTarget "SpyfallOffline-IOSUITests" */;
			buildPhases = (
				7639BE1026C439D30043BA10 /* Sources */,
				7639BE1126C439D30043BA10 /* Frameworks */,
				7639BE1226C439D30043BA10 /* Resources */,
			);
			buildRules = (
			);
			dependencies = (
				7639BE1626C439D30043BA10 /* PBXTargetDependency */,
			);
			name = "SpyfallOffline-IOSUITests";
			productName = "SpyfallOffline-IOSUITests";
			productReference = 7639BE1426C439D30043BA10 /* SpyfallOffline-IOSUITests.xctest */;
			productType = "com.apple.product-type.bundle.ui-testing";
		};
/* End PBXNativeTarget section */

/* Begin PBXProject section */
		7639BDF026C439D10043BA10 /* Project object */ = {
			isa = PBXProject;
			attributes = {
				LastSwiftUpdateCheck = 1250;
				LastUpgradeCheck = 1250;
				TargetAttributes = {
					7639BDF726C439D10043BA10 = {
						CreatedOnToolsVersion = 12.5.1;
					};
					7639BE0826C439D30043BA10 = {
						CreatedOnToolsVersion = 12.5.1;
						TestTargetID = 7639BDF726C439D10043BA10;
					};
					7639BE1326C439D30043BA10 = {
						CreatedOnToolsVersion = 12.5.1;
						TestTargetID = 7639BDF726C439D10043BA10;
					};
				};
			};
			buildConfigurationList = 7639BDF326C439D10043BA10 /* Build configuration list for PBXProject "SpyfallOffline-IOS" */;
			compatibilityVersion = "Xcode 9.3";
			developmentRegion = en;
			hasScannedForEncodings = 0;
			knownRegions = (
				en,
				Base,
			);
			mainGroup = 7639BDEF26C439D10043BA10;
			productRefGroup = 7639BDF926C439D10043BA10 /* Products */;
			projectDirPath = "";
			projectRoot = "";
			targets = (
				7639BDF726C439D10043BA10 /* SpyfallOffline-IOS */,
				7639BE0826C439D30043BA10 /* SpyfallOffline-IOSTests */,
				7639BE1326C439D30043BA10 /* SpyfallOffline-IOSUITests */,
			);
		};
/* End PBXProject section */

/* Begin PBXResourcesBuildPhase section */
		7639BDF626C439D10043BA10 /* Resources */ = {
			isa = PBXResourcesBuildPhase;
			buildActionMask = 2147483647;
			files = (
				7639BE0326C439D30043BA10 /* Preview Assets.xcassets in Resources */,
				767FC6E426C9D901004863D3 /* Raleway-VariableFont_wght.ttf in Resources */,
				76AC4EA326C8860A001274C4 /* spyfall1.json in Resources */,
				7639BE0026C439D30043BA10 /* Assets.xcassets in Resources */,
				76AC4EA226C8860A001274C4 /* spyfall2.json in Resources */,
				767FC6E326C9D901004863D3 /* Raleway-Italic-VariableFont_wght.ttf in Resources */,
			);
			runOnlyForDeploymentPostprocessing = 0;
		};
		7639BE0726C439D30043BA10 /* Resources */ = {
			isa = PBXResourcesBuildPhase;
			buildActionMask = 2147483647;
			files = (
			);
			runOnlyForDeploymentPostprocessing = 0;
		};
		7639BE1226C439D30043BA10 /* Resources */ = {
			isa = PBXResourcesBuildPhase;
			buildActionMask = 2147483647;
			files = (
			);
			runOnlyForDeploymentPostprocessing = 0;
		};
/* End PBXResourcesBuildPhase section */

/* Begin PBXSourcesBuildPhase section */
		7639BDF426C439D10043BA10 /* Sources */ = {
			isa = PBXSourcesBuildPhase;
			buildActionMask = 2147483647;
			files = (
				76478FE726CB30A100938E0A /* YoutubeEmbed.swift in Sources */,
				76AC4EA626C88AAB001274C4 /* Location.swift in Sources */,
				76AC4E9926C871C0001274C4 /* intermediate.swift in Sources */,
				76478FE526CB039100938E0A /* ViewButton.swift in Sources */,
				7639BDFE26C439D10043BA10 /* ContentView.swift in Sources */,
				763183D026C73A19009003B5 /* HowToPlay.swift in Sources */,
				76AC4EA826C88B72001274C4 /* Locations.swift in Sources */,
				763183C126C7107F009003B5 /* Menu2.swift in Sources */,
				763183CD26C7369C009003B5 /* ViewState.swift in Sources */,
				763183D426C765FE009003B5 /* Player.swift in Sources */,
				7639BDFC26C439D10043BA10 /* SpyfallOffline_IOSApp.swift in Sources */,
				763183D226C76181009003B5 /* NameInput.swift in Sources */,
				766DE5F826C777F50008398B /* GameData.swift in Sources */,
				7639BE2926C43C810043BA10 /* MainMenu.swift in Sources */,
				76AC4E9B26C874BF001274C4 /* GameState.swift in Sources */,
			);
			runOnlyForDeploymentPostprocessing = 0;
		};
		7639BE0526C439D30043BA10 /* Sources */ = {
			isa = PBXSourcesBuildPhase;
			buildActionMask = 2147483647;
			files = (
				7639BE0E26C439D30043BA10 /* SpyfallOffline_IOSTests.swift in Sources */,
			);
			runOnlyForDeploymentPostprocessing = 0;
		};
		7639BE1026C439D30043BA10 /* Sources */ = {
			isa = PBXSourcesBuildPhase;
			buildActionMask = 2147483647;
			files = (
				7639BE1926C439D30043BA10 /* SpyfallOffline_IOSUITests.swift in Sources */,
			);
			runOnlyForDeploymentPostprocessing = 0;
		};
/* End PBXSourcesBuildPhase section */

/* Begin PBXTargetDependency section */
		7639BE0B26C439D30043BA10 /* PBXTargetDependency */ = {
			isa = PBXTargetDependency;
			target = 7639BDF726C439D10043BA10 /* SpyfallOffline-IOS */;
			targetProxy = 7639BE0A26C439D30043BA10 /* PBXContainerItemProxy */;
		};
		7639BE1626C439D30043BA10 /* PBXTargetDependency */ = {
			isa = PBXTargetDependency;
			target = 7639BDF726C439D10043BA10 /* SpyfallOffline-IOS */;
			targetProxy = 7639BE1526C439D30043BA10 /* PBXContainerItemProxy */;
		};
/* End PBXTargetDependency section */

/* Begin XCBuildConfiguration section */
		7639BE1B26C439D30043BA10 /* Debug */ = {
			isa = XCBuildConfiguration;
			buildSettings = {
				ALWAYS_SEARCH_USER_PATHS = NO;
				CLANG_ANALYZER_NONNULL = YES;
				CLANG_ANALYZER_NUMBER_OBJECT_CONVERSION = YES_AGGRESSIVE;
				CLANG_CXX_LANGUAGE_STANDARD = "gnu++14";
				CLANG_CXX_LIBRARY = "libc++";
				CLANG_ENABLE_MODULES = YES;
				CLANG_ENABLE_OBJC_ARC = YES;
				CLANG_ENABLE_OBJC_WEAK = YES;
				CLANG_WARN_BLOCK_CAPTURE_AUTORELEASING = YES;
				CLANG_WARN_BOOL_CONVERSION = YES;
				CLANG_WARN_COMMA = YES;
				CLANG_WARN_CONSTANT_CONVERSION = YES;
				CLANG_WARN_DEPRECATED_OBJC_IMPLEMENTATIONS = YES;
				CLANG_WARN_DIRECT_OBJC_ISA_USAGE = YES_ERROR;
				CLANG_WARN_DOCUMENTATION_COMMENTS = YES;
				CLANG_WARN_EMPTY_BODY = YES;
				CLANG_WARN_ENUM_CONVERSION = YES;
				CLANG_WARN_INFINITE_RECURSION = YES;
				CLANG_WARN_INT_CONVERSION = YES;
				CLANG_WARN_NON_LITERAL_NULL_CONVERSION = YES;
				CLANG_WARN_OBJC_IMPLICIT_RETAIN_SELF = YES;
				CLANG_WARN_OBJC_LITERAL_CONVERSION = YES;
				CLANG_WARN_OBJC_ROOT_CLASS = YES_ERROR;
				CLANG_WARN_QUOTED_INCLUDE_IN_FRAMEWORK_HEADER = YES;
				CLANG_WARN_RANGE_LOOP_ANALYSIS = YES;
				CLANG_WARN_STRICT_PROTOTYPES = YES;
				CLANG_WARN_SUSPICIOUS_MOVE = YES;
				CLANG_WARN_UNGUARDED_AVAILABILITY = YES_AGGRESSIVE;
				CLANG_WARN_UNREACHABLE_CODE = YES;
				CLANG_WARN__DUPLICATE_METHOD_MATCH = YES;
				COPY_PHASE_STRIP = NO;
				DEBUG_INFORMATION_FORMAT = dwarf;
				ENABLE_STRICT_OBJC_MSGSEND = YES;
				ENABLE_TESTABILITY = YES;
				GCC_C_LANGUAGE_STANDARD = gnu11;
				GCC_DYNAMIC_NO_PIC = NO;
				GCC_NO_COMMON_BLOCKS = YES;
				GCC_OPTIMIZATION_LEVEL = 0;
				GCC_PREPROCESSOR_DEFINITIONS = (
					"DEBUG=1",
					"$(inherited)",
				);
				GCC_WARN_64_TO_32_BIT_CONVERSION = YES;
				GCC_WARN_ABOUT_RETURN_TYPE = YES_ERROR;
				GCC_WARN_UNDECLARED_SELECTOR = YES;
				GCC_WARN_UNINITIALIZED_AUTOS = YES_AGGRESSIVE;
				GCC_WARN_UNUSED_FUNCTION = YES;
				GCC_WARN_UNUSED_VARIABLE = YES;
				IPHONEOS_DEPLOYMENT_TARGET = 14.5;
				MTL_ENABLE_DEBUG_INFO = INCLUDE_SOURCE;
				MTL_FAST_MATH = YES;
				ONLY_ACTIVE_ARCH = YES;
				SDKROOT = iphoneos;
				SWIFT_ACTIVE_COMPILATION_CONDITIONS = DEBUG;
				SWIFT_OPTIMIZATION_LEVEL = "-Onone";
			};
			name = Debug;
		};
		7639BE1C26C439D30043BA10 /* Release */ = {
			isa = XCBuildConfiguration;
			buildSettings = {
				ALWAYS_SEARCH_USER_PATHS = NO;
				CLANG_ANALYZER_NONNULL = YES;
				CLANG_ANALYZER_NUMBER_OBJECT_CONVERSION = YES_AGGRESSIVE;
				CLANG_CXX_LANGUAGE_STANDARD = "gnu++14";
				CLANG_CXX_LIBRARY = "libc++";
				CLANG_ENABLE_MODULES = YES;
				CLANG_ENABLE_OBJC_ARC = YES;
				CLANG_ENABLE_OBJC_WEAK = YES;
				CLANG_WARN_BLOCK_CAPTURE_AUTORELEASING = YES;
				CLANG_WARN_BOOL_CONVERSION = YES;
				CLANG_WARN_COMMA = YES;
				CLANG_WARN_CONSTANT_CONVERSION = YES;
				CLANG_WARN_DEPRECATED_OBJC_IMPLEMENTATIONS = YES;
				CLANG_WARN_DIRECT_OBJC_ISA_USAGE = YES_ERROR;
				CLANG_WARN_DOCUMENTATION_COMMENTS = YES;
				CLANG_WARN_EMPTY_BODY = YES;
				CLANG_WARN_ENUM_CONVERSION = YES;
				CLANG_WARN_INFINITE_RECURSION = YES;
				CLANG_WARN_INT_CONVERSION = YES;
				CLANG_WARN_NON_LITERAL_NULL_CONVERSION = YES;
				CLANG_WARN_OBJC_IMPLICIT_RETAIN_SELF = YES;
				CLANG_WARN_OBJC_LITERAL_CONVERSION = YES;
				CLANG_WARN_OBJC_ROOT_CLASS = YES_ERROR;
				CLANG_WARN_QUOTED_INCLUDE_IN_FRAMEWORK_HEADER = YES;
				CLANG_WARN_RANGE_LOOP_ANALYSIS = YES;
				CLANG_WARN_STRICT_PROTOTYPES = YES;
				CLANG_WARN_SUSPICIOUS_MOVE = YES;
				CLANG_WARN_UNGUARDED_AVAILABILITY = YES_AGGRESSIVE;
				CLANG_WARN_UNREACHABLE_CODE = YES;
				CLANG_WARN__DUPLICATE_METHOD_MATCH = YES;
				COPY_PHASE_STRIP = NO;
				DEBUG_INFORMATION_FORMAT = "dwarf-with-dsym";
				ENABLE_NS_ASSERTIONS = NO;
				ENABLE_STRICT_OBJC_MSGSEND = YES;
				GCC_C_LANGUAGE_STANDARD = gnu11;
				GCC_NO_COMMON_BLOCKS = YES;
				GCC_WARN_64_TO_32_BIT_CONVERSION = YES;
				GCC_WARN_ABOUT_RETURN_TYPE = YES_ERROR;
				GCC_WARN_UNDECLARED_SELECTOR = YES;
				GCC_WARN_UNINITIALIZED_AUTOS = YES_AGGRESSIVE;
				GCC_WARN_UNUSED_FUNCTION = YES;
				GCC_WARN_UNUSED_VARIABLE = YES;
				IPHONEOS_DEPLOYMENT_TARGET = 14.5;
				MTL_ENABLE_DEBUG_INFO = NO;
				MTL_FAST_MATH = YES;
				SDKROOT = iphoneos;
				SWIFT_COMPILATION_MODE = wholemodule;
				SWIFT_OPTIMIZATION_LEVEL = "-O";
				VALIDATE_PRODUCT = YES;
			};
			name = Release;
		};
		7639BE1E26C439D30043BA10 /* Debug */ = {
			isa = XCBuildConfiguration;
			buildSettings = {
				ASSETCATALOG_COMPILER_APPICON_NAME = AppIcon;
				ASSETCATALOG_COMPILER_GLOBAL_ACCENT_COLOR_NAME = AccentColor;
				CODE_SIGN_STYLE = Automatic;
				DEVELOPMENT_ASSET_PATHS = "\"SpyfallOffline-IOS/Preview Content\"";
				DEVELOPMENT_TEAM = VJK6SVBV96;
				ENABLE_PREVIEWS = YES;
				INFOPLIST_FILE = "SpyfallOffline-IOS/Info.plist";
				IPHONEOS_DEPLOYMENT_TARGET = 14.0;
				LD_RUNPATH_SEARCH_PATHS = (
					"$(inherited)",
					"@executable_path/Frameworks",
				);
				PRODUCT_BUNDLE_IDENTIFIER = "linkevin281.SpyfallOffline-IOS";
				PRODUCT_NAME = "$(TARGET_NAME)";
				SWIFT_VERSION = 5.0;
				TARGETED_DEVICE_FAMILY = "1,2";
			};
			name = Debug;
		};
		7639BE1F26C439D30043BA10 /* Release */ = {
			isa = XCBuildConfiguration;
			buildSettings = {
				ASSETCATALOG_COMPILER_APPICON_NAME = AppIcon;
				ASSETCATALOG_COMPILER_GLOBAL_ACCENT_COLOR_NAME = AccentColor;
				CODE_SIGN_STYLE = Automatic;
				DEVELOPMENT_ASSET_PATHS = "\"SpyfallOffline-IOS/Preview Content\"";
				DEVELOPMENT_TEAM = VJK6SVBV96;
				ENABLE_PREVIEWS = YES;
				INFOPLIST_FILE = "SpyfallOffline-IOS/Info.plist";
				IPHONEOS_DEPLOYMENT_TARGET = 14.0;
				LD_RUNPATH_SEARCH_PATHS = (
					"$(inherited)",
					"@executable_path/Frameworks",
				);
				PRODUCT_BUNDLE_IDENTIFIER = "linkevin281.SpyfallOffline-IOS";
				PRODUCT_NAME = "$(TARGET_NAME)";
				SWIFT_VERSION = 5.0;
				TARGETED_DEVICE_FAMILY = "1,2";
			};
			name = Release;
		};
		7639BE2126C439D30043BA10 /* Debug */ = {
			isa = XCBuildConfiguration;
			buildSettings = {
				ALWAYS_EMBED_SWIFT_STANDARD_LIBRARIES = YES;
				BUNDLE_LOADER = "$(TEST_HOST)";
				CODE_SIGN_STYLE = Automatic;
				DEVELOPMENT_TEAM = VJK6SVBV96;
				INFOPLIST_FILE = "SpyfallOffline-IOSTests/Info.plist";
				IPHONEOS_DEPLOYMENT_TARGET = 14.0;
				LD_RUNPATH_SEARCH_PATHS = (
					"$(inherited)",
					"@executable_path/Frameworks",
					"@loader_path/Frameworks",
				);
				PRODUCT_BUNDLE_IDENTIFIER = "linkevin281.SpyfallOffline-IOSTests";
				PRODUCT_NAME = "$(TARGET_NAME)";
				SWIFT_VERSION = 5.0;
				TARGETED_DEVICE_FAMILY = "1,2";
				TEST_HOST = "$(BUILT_PRODUCTS_DIR)/SpyfallOffline-IOS.app/SpyfallOffline-IOS";
			};
			name = Debug;
		};
		7639BE2226C439D30043BA10 /* Release */ = {
			isa = XCBuildConfiguration;
			buildSettings = {
				ALWAYS_EMBED_SWIFT_STANDARD_LIBRARIES = YES;
				BUNDLE_LOADER = "$(TEST_HOST)";
				CODE_SIGN_STYLE = Automatic;
				DEVELOPMENT_TEAM = VJK6SVBV96;
				INFOPLIST_FILE = "SpyfallOffline-IOSTests/Info.plist";
				IPHONEOS_DEPLOYMENT_TARGET = 14.0;
				LD_RUNPATH_SEARCH_PATHS = (
					"$(inherited)",
					"@executable_path/Frameworks",
					"@loader_path/Frameworks",
				);
				PRODUCT_BUNDLE_IDENTIFIER = "linkevin281.SpyfallOffline-IOSTests";
				PRODUCT_NAME = "$(TARGET_NAME)";
				SWIFT_VERSION = 5.0;
				TARGETED_DEVICE_FAMILY = "1,2";
				TEST_HOST = "$(BUILT_PRODUCTS_DIR)/SpyfallOffline-IOS.app/SpyfallOffline-IOS";
			};
			name = Release;
		};
		7639BE2426C439D30043BA10 /* Debug */ = {
			isa = XCBuildConfiguration;
			buildSettings = {
				ALWAYS_EMBED_SWIFT_STANDARD_LIBRARIES = YES;
				CODE_SIGN_STYLE = Automatic;
				DEVELOPMENT_TEAM = VJK6SVBV96;
				INFOPLIST_FILE = "SpyfallOffline-IOSUITests/Info.plist";
				LD_RUNPATH_SEARCH_PATHS = (
					"$(inherited)",
					"@executable_path/Frameworks",
					"@loader_path/Frameworks",
				);
				PRODUCT_BUNDLE_IDENTIFIER = "linkevin281.SpyfallOffline-IOSUITests";
				PRODUCT_NAME = "$(TARGET_NAME)";
				SWIFT_VERSION = 5.0;
				TARGETED_DEVICE_FAMILY = "1,2";
				TEST_TARGET_NAME = "SpyfallOffline-IOS";
			};
			name = Debug;
		};
		7639BE2526C439D30043BA10 /* Release */ = {
			isa = XCBuildConfiguration;
			buildSettings = {
				ALWAYS_EMBED_SWIFT_STANDARD_LIBRARIES = YES;
				CODE_SIGN_STYLE = Automatic;
				DEVELOPMENT_TEAM = VJK6SVBV96;
				INFOPLIST_FILE = "SpyfallOffline-IOSUITests/Info.plist";
				LD_RUNPATH_SEARCH_PATHS = (
					"$(inherited)",
					"@executable_path/Frameworks",
					"@loader_path/Frameworks",
				);
				PRODUCT_BUNDLE_IDENTIFIER = "linkevin281.SpyfallOffline-IOSUITests";
				PRODUCT_NAME = "$(TARGET_NAME)";
				SWIFT_VERSION = 5.0;
				TARGETED_DEVICE_FAMILY = "1,2";
				TEST_TARGET_NAME = "SpyfallOffline-IOS";
			};
			name = Release;
		};
/* End XCBuildConfiguration section */

/* Begin XCConfigurationList section */
		7639BDF326C439D10043BA10 /* Build configuration list for PBXProject "SpyfallOffline-IOS" */ = {
			isa = XCConfigurationList;
			buildConfigurations = (
				7639BE1B26C439D30043BA10 /* Debug */,
				7639BE1C26C439D30043BA10 /* Release */,
			);
			defaultConfigurationIsVisible = 0;
			defaultConfigurationName = Release;
		};
		7639BE1D26C439D30043BA10 /* Build configuration list for PBXNativeTarget "SpyfallOffline-IOS" */ = {
			isa = XCConfigurationList;
			buildConfigurations = (
				7639BE1E26C439D30043BA10 /* Debug */,
				7639BE1F26C439D30043BA10 /* Release */,
			);
			defaultConfigurationIsVisible = 0;
			defaultConfigurationName = Release;
		};
		7639BE2026C439D30043BA10 /* Build configuration list for PBXNativeTarget "SpyfallOffline-IOSTests" */ = {
			isa = XCConfigurationList;
			buildConfigurations = (
				7639BE2126C439D30043BA10 /* Debug */,
				7639BE2226C439D30043BA10 /* Release */,
			);
			defaultConfigurationIsVisible = 0;
			defaultConfigurationName = Release;
		};
		7639BE2326C439D30043BA10 /* Build configuration list for PBXNativeTarget "SpyfallOffline-IOSUITests" */ = {
			isa = XCConfigurationList;
			buildConfigurations = (
				7639BE2426C439D30043BA10 /* Debug */,
				7639BE2526C439D30043BA10 /* Release */,
			);
			defaultConfigurationIsVisible = 0;
			defaultConfigurationName = Release;
		};
/* End XCConfigurationList section */
	};
	rootObject = 7639BDF026C439D10043BA10 /* Project object */;
}
